
Microsoft Visual Studio Solution File, Format Version 12.00
# Visual Studio Version 17
VisualStudioVersion = 17.7.34018.315
MinimumVisualStudioVersion = 10.0.40219.1
Project("{FAE04EC0-301F-11D3-BF4B-00C04F79EFBC}") = "Nashville1000", "Nashville1000\Nashville1000.csproj", "{426DC2DB-CC72-4F87-9E0A-38AF6BF77699}"
EndProject
Project("{FAE04EC0-301F-11D3-BF4B-00C04F79EFBC}") = "Nashville1000Models", "Nashville1000Models\Nashville1000Models.csproj", "{7AD125AA-DA2E-499D-9289-51D7AD7EF8F0}"
EndProject
Project("{FAE04EC0-301F-11D3-BF4B-00C04F79EFBC}") = "Interfaces", "..\..\TOME\Interfaces\Interfaces\Interfaces.csproj", "{CCF0AEA7-0AD0-4AC6-8848-916BC2B67864}"
EndProject
Project("{FAE04EC0-301F-11D3-BF4B-00C04F79EFBC}") = "Nashville1000DataAccess", "Nashville1000DataAccess\Nashville1000DataAccess.csproj", "{FC3F4790-0535-4DBC-BBE9-5F26458DC6B2}"
EndProject
Project("{FAE04EC0-301F-11D3-BF4B-00C04F79EFBC}") = "Nashville1000CommonData", "Nashville1000CommonData\Nashville1000CommonData.csproj", "{7E58CD15-F310-41D3-AB86-41A7F246E3C3}"
EndProject
Global
	GlobalSection(SolutionConfigurationPlatforms) = preSolution
		Debug|Any CPU = Debug|Any CPU
		Release|Any CPU = Release|Any CPU
	EndGlobalSection
	GlobalSection(ProjectConfigurationPlatforms) = postSolution
		{426DC2DB-CC72-4F87-9E0A-38AF6BF77699}.Debug|Any CPU.ActiveCfg = Debug|Any CPU
		{426DC2DB-CC72-4F87-9E0A-38AF6BF77699}.Debug|Any CPU.Build.0 = Debug|Any CPU
		{426DC2DB-CC72-4F87-9E0A-38AF6BF77699}.Release|Any CPU.ActiveCfg = Release|Any CPU
		{426DC2DB-CC72-4F87-9E0A-38AF6BF77699}.Release|Any CPU.Build.0 = Release|Any CPU
		{7AD125AA-DA2E-499D-9289-51D7AD7EF8F0}.Debug|Any CPU.ActiveCfg = Debug|Any CPU
		{7AD125AA-DA2E-499D-9289-51D7AD7EF8F0}.Debug|Any CPU.Build.0 = Debug|Any CPU
		{7AD125AA-DA2E-499D-9289-51D7AD7EF8F0}.Release|Any CPU.ActiveCfg = Release|Any CPU
		{7AD125AA-DA2E-499D-9289-51D7AD7EF8F0}.Release|Any CPU.Build.0 = Release|Any CPU
		{CCF0AEA7-0AD0-4AC6-8848-916BC2B67864}.Debug|Any CPU.ActiveCfg = Debug|Any CPU
		{CCF0AEA7-0AD0-4AC6-8848-916BC2B67864}.Debug|Any CPU.Build.0 = Debug|Any CPU
		{CCF0AEA7-0AD0-4AC6-8848-916BC2B67864}.Release|Any CPU.ActiveCfg = Release|Any CPU
		{CCF0AEA7-0AD0-4AC6-8848-916BC2B67864}.Release|Any CPU.Build.0 = Release|Any CPU
		{FC3F4790-0535-4DBC-BBE9-5F26458DC6B2}.Debug|Any CPU.ActiveCfg = Debug|Any CPU
		{FC3F4790-0535-4DBC-BBE9-5F26458DC6B2}.Debug|Any CPU.Build.0 = Debug|Any CPU
		{FC3F4790-0535-4DBC-BBE9-5F26458DC6B2}.Release|Any CPU.ActiveCfg = Release|Any CPU
		{FC3F4790-0535-4DBC-BBE9-5F26458DC6B2}.Release|Any CPU.Build.0 = Release|Any CPU
		{7E58CD15-F310-41D3-AB86-41A7F246E3C3}.Debug|Any CPU.ActiveCfg = Debug|Any CPU
		{7E58CD15-F310-41D3-AB86-41A7F246E3C3}.Debug|Any CPU.Build.0 = Debug|Any CPU
		{7E58CD15-F310-41D3-AB86-41A7F246E3C3}.Release|Any CPU.ActiveCfg = Release|Any CPU
		{7E58CD15-F310-41D3-AB86-41A7F246E3C3}.Release|Any CPU.Build.0 = Release|Any CPU
	EndGlobalSection
	GlobalSection(SolutionProperties) = preSolution
		HideSolutionNode = FALSE
	EndGlobalSection
	GlobalSection(ExtensibilityGlobals) = postSolution
		SolutionGuid = {0DBBB7E1-17A9-4628-B0E0-70B19353131E}
	EndGlobalSection
EndGlobal
